
Microsoft Visual Studio Solution File, Format Version 12.00
Project("{FAE04EC0-301F-11D3-BF4B-00C04F79EFBC}") = "ChatForumSignalR", "ChatForumSignalR\ChatForumSignalR.csproj", "{263C87B5-D7F4-4959-B8BD-7AC57A850DC2}"
EndProject
Global
	GlobalSection(SolutionConfigurationPlatforms) = preSolution
		Debug|Any CPU = Debug|Any CPU
		Release|Any CPU = Release|Any CPU
	EndGlobalSection
	GlobalSection(ProjectConfigurationPlatforms) = postSolution
		{263C87B5-D7F4-4959-B8BD-7AC57A850DC2}.Debug|Any CPU.ActiveCfg = Debug|Any CPU
		{263C87B5-D7F4-4959-B8BD-7AC57A850DC2}.Debug|Any CPU.Build.0 = Debug|Any CPU
		{263C87B5-D7F4-4959-B8BD-7AC57A850DC2}.Release|Any CPU.ActiveCfg = Release|Any CPU
		{263C87B5-D7F4-4959-B8BD-7AC57A850DC2}.Release|Any CPU.Build.0 = Release|Any CPU
	EndGlobalSection
EndGlobal
